
Microsoft Visual Studio Solution File, Format Version 12.00
# Visual Studio Version 17
VisualStudioVersion = 17.8.34330.188
MinimumVisualStudioVersion = 10.0.40219.1
Project("{9A19103F-16F7-4668-BE54-9A1E7A4F7556}") = "ZooLink", "ZooLink\ZooLink.csproj", "{10162F49-6571-415A-BC7A-4C6A9355AA34}"
EndProject
Project("{9A19103F-16F7-4668-BE54-9A1E7A4F7556}") = "ZooLink.Domain", "ZooLink.Domain\ZooLink.Domain.csproj", "{5A4A87E6-42A2-4C63-BBC9-83DDE27BD7CD}"
EndProject
Project("{9A19103F-16F7-4668-BE54-9A1E7A4F7556}") = "ZooLink.DTO", "ZooLink.DTO\ZooLink.DTO.csproj", "{032E36E0-E3A9-42F6-A7FF-9CFB8FA15386}"
EndProject
Project("{FAE04EC0-301F-11D3-BF4B-00C04F79EFBC}") = "Zoolink.Tests", "Zoolink.Tests\Zoolink.Tests.csproj", "{19203ABD-E447-4F38-8227-B45E54A94A25}"
EndProject
Global
	GlobalSection(SolutionConfigurationPlatforms) = preSolution
		Debug|Any CPU = Debug|Any CPU
		Release|Any CPU = Release|Any CPU
	EndGlobalSection
	GlobalSection(ProjectConfigurationPlatforms) = postSolution
		{10162F49-6571-415A-BC7A-4C6A9355AA34}.Debug|Any CPU.ActiveCfg = Debug|Any CPU
		{10162F49-6571-415A-BC7A-4C6A9355AA34}.Debug|Any CPU.Build.0 = Debug|Any CPU
		{10162F49-6571-415A-BC7A-4C6A9355AA34}.Release|Any CPU.ActiveCfg = Release|Any CPU
		{10162F49-6571-415A-BC7A-4C6A9355AA34}.Release|Any CPU.Build.0 = Release|Any CPU
		{5A4A87E6-42A2-4C63-BBC9-83DDE27BD7CD}.Debug|Any CPU.ActiveCfg = Debug|Any CPU
		{5A4A87E6-42A2-4C63-BBC9-83DDE27BD7CD}.Debug|Any CPU.Build.0 = Debug|Any CPU
		{5A4A87E6-42A2-4C63-BBC9-83DDE27BD7CD}.Release|Any CPU.ActiveCfg = Release|Any CPU
		{5A4A87E6-42A2-4C63-BBC9-83DDE27BD7CD}.Release|Any CPU.Build.0 = Release|Any CPU
		{032E36E0-E3A9-42F6-A7FF-9CFB8FA15386}.Debug|Any CPU.ActiveCfg = Debug|Any CPU
		{032E36E0-E3A9-42F6-A7FF-9CFB8FA15386}.Debug|Any CPU.Build.0 = Debug|Any CPU
		{032E36E0-E3A9-42F6-A7FF-9CFB8FA15386}.Release|Any CPU.ActiveCfg = Release|Any CPU
		{032E36E0-E3A9-42F6-A7FF-9CFB8FA15386}.Release|Any CPU.Build.0 = Release|Any CPU
		{19203ABD-E447-4F38-8227-B45E54A94A25}.Debug|Any CPU.ActiveCfg = Debug|Any CPU
		{19203ABD-E447-4F38-8227-B45E54A94A25}.Debug|Any CPU.Build.0 = Debug|Any CPU
		{19203ABD-E447-4F38-8227-B45E54A94A25}.Release|Any CPU.ActiveCfg = Release|Any CPU
		{19203ABD-E447-4F38-8227-B45E54A94A25}.Release|Any CPU.Build.0 = Release|Any CPU
	EndGlobalSection
	GlobalSection(SolutionProperties) = preSolution
		HideSolutionNode = FALSE
	EndGlobalSection
	GlobalSection(ExtensibilityGlobals) = postSolution
		SolutionGuid = {2C56A6D8-A520-4FAC-B54A-5D22B9EC5859}
	EndGlobalSection
EndGlobal
